
Microsoft Visual Studio Solution File, Format Version 12.00
# Visual Studio Version 16
VisualStudioVersion = 16.0.30011.22
MinimumVisualStudioVersion = 10.0.40219.1
Project("{9A19103F-16F7-4668-BE54-9A1E7A4F7556}") = "BeautySalonWebClient", "BeautySalonWebClient\BeautySalonWebClient.csproj", "{19CD2CB8-729D-4540-8E58-062BA9600E3B}"
EndProject
Project("{9A19103F-16F7-4668-BE54-9A1E7A4F7556}") = "BeautySalonBusinessLogic", "BeautySalonBusinessLogic\BeautySalonBusinessLogic.csproj", "{F01D4FAB-BC44-452E-B57B-E2380827AEA8}"
EndProject
Project("{FAE04EC0-301F-11D3-BF4B-00C04F79EFBC}") = "BeautyShopDatabase", "BeautyShopDatabase\BeautyShopDatabase.csproj", "{CAF29F96-530F-432E-8794-5EA796567924}"
EndProject
Project("{FAE04EC0-301F-11D3-BF4B-00C04F79EFBC}") = "BeautySalonView", "BeautySalonView\BeautySalonView.csproj", "{FD1E5D98-B52E-4105-8CF4-9399FA71CF67}"
EndProject
Global
	GlobalSection(SolutionConfigurationPlatforms) = preSolution
		Debug|Any CPU = Debug|Any CPU
		Release|Any CPU = Release|Any CPU
	EndGlobalSection
	GlobalSection(ProjectConfigurationPlatforms) = postSolution
		{19CD2CB8-729D-4540-8E58-062BA9600E3B}.Debug|Any CPU.ActiveCfg = Debug|Any CPU
		{19CD2CB8-729D-4540-8E58-062BA9600E3B}.Debug|Any CPU.Build.0 = Debug|Any CPU
		{19CD2CB8-729D-4540-8E58-062BA9600E3B}.Release|Any CPU.ActiveCfg = Release|Any CPU
		{19CD2CB8-729D-4540-8E58-062BA9600E3B}.Release|Any CPU.Build.0 = Release|Any CPU
		{F01D4FAB-BC44-452E-B57B-E2380827AEA8}.Debug|Any CPU.ActiveCfg = Debug|Any CPU
		{F01D4FAB-BC44-452E-B57B-E2380827AEA8}.Debug|Any CPU.Build.0 = Debug|Any CPU
		{F01D4FAB-BC44-452E-B57B-E2380827AEA8}.Release|Any CPU.ActiveCfg = Release|Any CPU
		{F01D4FAB-BC44-452E-B57B-E2380827AEA8}.Release|Any CPU.Build.0 = Release|Any CPU
		{CAF29F96-530F-432E-8794-5EA796567924}.Debug|Any CPU.ActiveCfg = Debug|Any CPU
		{CAF29F96-530F-432E-8794-5EA796567924}.Debug|Any CPU.Build.0 = Debug|Any CPU
		{CAF29F96-530F-432E-8794-5EA796567924}.Release|Any CPU.ActiveCfg = Release|Any CPU
		{CAF29F96-530F-432E-8794-5EA796567924}.Release|Any CPU.Build.0 = Release|Any CPU
		{FD1E5D98-B52E-4105-8CF4-9399FA71CF67}.Debug|Any CPU.ActiveCfg = Debug|Any CPU
		{FD1E5D98-B52E-4105-8CF4-9399FA71CF67}.Debug|Any CPU.Build.0 = Debug|Any CPU
		{FD1E5D98-B52E-4105-8CF4-9399FA71CF67}.Release|Any CPU.ActiveCfg = Release|Any CPU
		{FD1E5D98-B52E-4105-8CF4-9399FA71CF67}.Release|Any CPU.Build.0 = Release|Any CPU
	EndGlobalSection
	GlobalSection(SolutionProperties) = preSolution
		HideSolutionNode = FALSE
	EndGlobalSection
	GlobalSection(ExtensibilityGlobals) = postSolution
		SolutionGuid = {66755CC0-066E-4601-A836-FA3499C38361}
	EndGlobalSection
EndGlobal
